
Microsoft Visual Studio Solution File, Format Version 12.00
# Visual Studio 15
VisualStudioVersion = 15.0.28307.329
MinimumVisualStudioVersion = 10.0.40219.1
Project("{FAE04EC0-301F-11D3-BF4B-00C04F79EFBC}") = "AspNetMvcAndUnitTest", "AspNetMvcAndUnitTest\AspNetMvcAndUnitTest.csproj", "{D3399DAD-FBC5-411F-AAD4-968AA9CB3A77}"
EndProject
Project("{FAE04EC0-301F-11D3-BF4B-00C04F79EFBC}") = "AspNetMvcAndUnitTest.Tests", "AspNetMvcAndUnitTest.Tests\AspNetMvcAndUnitTest.Tests.csproj", "{9A7D2EAD-9AF9-4309-BC95-DE7F3F75AABA}"
EndProject
Global
	GlobalSection(SolutionConfigurationPlatforms) = preSolution
		Debug|Any CPU = Debug|Any CPU
		Release|Any CPU = Release|Any CPU
	EndGlobalSection
	GlobalSection(ProjectConfigurationPlatforms) = postSolution
		{D3399DAD-FBC5-411F-AAD4-968AA9CB3A77}.Debug|Any CPU.ActiveCfg = Debug|Any CPU
		{D3399DAD-FBC5-411F-AAD4-968AA9CB3A77}.Debug|Any CPU.Build.0 = Debug|Any CPU
		{D3399DAD-FBC5-411F-AAD4-968AA9CB3A77}.Release|Any CPU.ActiveCfg = Release|Any CPU
		{D3399DAD-FBC5-411F-AAD4-968AA9CB3A77}.Release|Any CPU.Build.0 = Release|Any CPU
		{9A7D2EAD-9AF9-4309-BC95-DE7F3F75AABA}.Debug|Any CPU.ActiveCfg = Debug|Any CPU
		{9A7D2EAD-9AF9-4309-BC95-DE7F3F75AABA}.Debug|Any CPU.Build.0 = Debug|Any CPU
		{9A7D2EAD-9AF9-4309-BC95-DE7F3F75AABA}.Release|Any CPU.ActiveCfg = Release|Any CPU
		{9A7D2EAD-9AF9-4309-BC95-DE7F3F75AABA}.Release|Any CPU.Build.0 = Release|Any CPU
	EndGlobalSection
	GlobalSection(SolutionProperties) = preSolution
		HideSolutionNode = FALSE
	EndGlobalSection
	GlobalSection(ExtensibilityGlobals) = postSolution
		SolutionGuid = {3CEC62E1-9C9D-4E7F-B01E-D25C99162348}
	EndGlobalSection
EndGlobal
